
Microsoft Visual Studio Solution File, Format Version 12.00
# Visual Studio Version 17
VisualStudioVersion = 17.5.33516.290
MinimumVisualStudioVersion = 10.0.40219.1
Project("{9A19103F-16F7-4668-BE54-9A1E7A4F7556}") = "ApiGateway", "ApiGateway\ApiGateway.csproj", "{9ABD352C-7412-4463-A90A-E998F23FE0A1}"
EndProject
Project("{2150E333-8FDC-42A3-9474-1A3956D46DE8}") = "Services", "Services", "{06B4602E-2FB2-4C2F-99E7-D65A886220B0}"
EndProject
Project("{9A19103F-16F7-4668-BE54-9A1E7A4F7556}") = "Contact.Api", "Services\ContactApi\Contact.Api.csproj", "{F591B357-59C5-4506-8174-5A77B2C75AA9}"
EndProject
Project("{9A19103F-16F7-4668-BE54-9A1E7A4F7556}") = "ReservationApi", "ReservationApi\ReservationApi.csproj", "{ECE0F410-B91E-44E9-BE93-34C836C144F7}"
EndProject
Project("{2150E333-8FDC-42A3-9474-1A3956D46DE8}") = "API", "API", "{0FD98940-3250-4001-BAB7-2701E0438630}"
EndProject
Project("{9A19103F-16F7-4668-BE54-9A1E7A4F7556}") = "Contact.Infrastruce", "Services\INFRASTRUCE\Infrastruce\Contact.Infrastruce.csproj", "{41ACF372-174B-42C3-AEAB-7213C8F38D39}"
EndProject
Project("{9A19103F-16F7-4668-BE54-9A1E7A4F7556}") = "Contact.Models", "Services\Models\Models\Contact.Models.csproj", "{226547A6-6DCF-49DA-B813-5D9CD2DDD7CC}"
EndProject
Project("{2150E333-8FDC-42A3-9474-1A3956D46DE8}") = "Contact", "Contact", "{90A84196-6238-46F0-B61F-BB3996F05B88}"
EndProject
Project("{2150E333-8FDC-42A3-9474-1A3956D46DE8}") = "Reservation", "Reservation", "{CB02AD2C-31C1-4BD5-AB0E-FA3B0F1A798C}"
EndProject
Project("{9A19103F-16F7-4668-BE54-9A1E7A4F7556}") = "Contact.Api.Services", "Services\Contact\Contact.Api.Services\Contact.Api.Services.csproj", "{94C590A6-EE65-4F20-BAF9-19D07A879E61}"
EndProject
Project("{FAE04EC0-301F-11D3-BF4B-00C04F79EFBC}") = "Reservation.Api.Infrastucture", "Reservation.Api.Infrastucture\Reservation.Api.Infrastucture.csproj", "{45A3226D-A981-48E8-85E0-968D555ADCDE}"
EndProject
Project("{FAE04EC0-301F-11D3-BF4B-00C04F79EFBC}") = "Reservation.Api.Services", "Reservation.Api.Services\Reservation.Api.Services.csproj", "{21592635-AA16-4A63-9923-E0AF7E738642}"
EndProject
Project("{FAE04EC0-301F-11D3-BF4B-00C04F79EFBC}") = "Reservation.Api.Models", "Reservation.Api.Models\Reservation.Api.Models.csproj", "{1CA868ED-4D16-4A63-A46F-E04268ADAB69}"
EndProject
Global
	GlobalSection(SolutionConfigurationPlatforms) = preSolution
		Debug|Any CPU = Debug|Any CPU
		Release|Any CPU = Release|Any CPU
	EndGlobalSection
	GlobalSection(ProjectConfigurationPlatforms) = postSolution
		{9ABD352C-7412-4463-A90A-E998F23FE0A1}.Debug|Any CPU.ActiveCfg = Debug|Any CPU
		{9ABD352C-7412-4463-A90A-E998F23FE0A1}.Debug|Any CPU.Build.0 = Debug|Any CPU
		{9ABD352C-7412-4463-A90A-E998F23FE0A1}.Release|Any CPU.ActiveCfg = Release|Any CPU
		{9ABD352C-7412-4463-A90A-E998F23FE0A1}.Release|Any CPU.Build.0 = Release|Any CPU
		{F591B357-59C5-4506-8174-5A77B2C75AA9}.Debug|Any CPU.ActiveCfg = Debug|Any CPU
		{F591B357-59C5-4506-8174-5A77B2C75AA9}.Debug|Any CPU.Build.0 = Debug|Any CPU
		{F591B357-59C5-4506-8174-5A77B2C75AA9}.Release|Any CPU.ActiveCfg = Release|Any CPU
		{F591B357-59C5-4506-8174-5A77B2C75AA9}.Release|Any CPU.Build.0 = Release|Any CPU
		{ECE0F410-B91E-44E9-BE93-34C836C144F7}.Debug|Any CPU.ActiveCfg = Debug|Any CPU
		{ECE0F410-B91E-44E9-BE93-34C836C144F7}.Debug|Any CPU.Build.0 = Debug|Any CPU
		{ECE0F410-B91E-44E9-BE93-34C836C144F7}.Release|Any CPU.ActiveCfg = Release|Any CPU
		{ECE0F410-B91E-44E9-BE93-34C836C144F7}.Release|Any CPU.Build.0 = Release|Any CPU
		{41ACF372-174B-42C3-AEAB-7213C8F38D39}.Debug|Any CPU.ActiveCfg = Debug|Any CPU
		{41ACF372-174B-42C3-AEAB-7213C8F38D39}.Debug|Any CPU.Build.0 = Debug|Any CPU
		{41ACF372-174B-42C3-AEAB-7213C8F38D39}.Release|Any CPU.ActiveCfg = Release|Any CPU
		{41ACF372-174B-42C3-AEAB-7213C8F38D39}.Release|Any CPU.Build.0 = Release|Any CPU
		{226547A6-6DCF-49DA-B813-5D9CD2DDD7CC}.Debug|Any CPU.ActiveCfg = Debug|Any CPU
		{226547A6-6DCF-49DA-B813-5D9CD2DDD7CC}.Debug|Any CPU.Build.0 = Debug|Any CPU
		{226547A6-6DCF-49DA-B813-5D9CD2DDD7CC}.Release|Any CPU.ActiveCfg = Release|Any CPU
		{226547A6-6DCF-49DA-B813-5D9CD2DDD7CC}.Release|Any CPU.Build.0 = Release|Any CPU
		{94C590A6-EE65-4F20-BAF9-19D07A879E61}.Debug|Any CPU.ActiveCfg = Debug|Any CPU
		{94C590A6-EE65-4F20-BAF9-19D07A879E61}.Debug|Any CPU.Build.0 = Debug|Any CPU
		{94C590A6-EE65-4F20-BAF9-19D07A879E61}.Release|Any CPU.ActiveCfg = Release|Any CPU
		{94C590A6-EE65-4F20-BAF9-19D07A879E61}.Release|Any CPU.Build.0 = Release|Any CPU
		{45A3226D-A981-48E8-85E0-968D555ADCDE}.Debug|Any CPU.ActiveCfg = Debug|Any CPU
		{45A3226D-A981-48E8-85E0-968D555ADCDE}.Debug|Any CPU.Build.0 = Debug|Any CPU
		{45A3226D-A981-48E8-85E0-968D555ADCDE}.Release|Any CPU.ActiveCfg = Release|Any CPU
		{45A3226D-A981-48E8-85E0-968D555ADCDE}.Release|Any CPU.Build.0 = Release|Any CPU
		{21592635-AA16-4A63-9923-E0AF7E738642}.Debug|Any CPU.ActiveCfg = Debug|Any CPU
		{21592635-AA16-4A63-9923-E0AF7E738642}.Debug|Any CPU.Build.0 = Debug|Any CPU
		{21592635-AA16-4A63-9923-E0AF7E738642}.Release|Any CPU.ActiveCfg = Release|Any CPU
		{21592635-AA16-4A63-9923-E0AF7E738642}.Release|Any CPU.Build.0 = Release|Any CPU
		{1CA868ED-4D16-4A63-A46F-E04268ADAB69}.Debug|Any CPU.ActiveCfg = Debug|Any CPU
		{1CA868ED-4D16-4A63-A46F-E04268ADAB69}.Debug|Any CPU.Build.0 = Debug|Any CPU
		{1CA868ED-4D16-4A63-A46F-E04268ADAB69}.Release|Any CPU.ActiveCfg = Release|Any CPU
		{1CA868ED-4D16-4A63-A46F-E04268ADAB69}.Release|Any CPU.Build.0 = Release|Any CPU
	EndGlobalSection
	GlobalSection(SolutionProperties) = preSolution
		HideSolutionNode = FALSE
	EndGlobalSection
	GlobalSection(NestedProjects) = preSolution
		{F591B357-59C5-4506-8174-5A77B2C75AA9} = {90A84196-6238-46F0-B61F-BB3996F05B88}
		{ECE0F410-B91E-44E9-BE93-34C836C144F7} = {CB02AD2C-31C1-4BD5-AB0E-FA3B0F1A798C}
		{0FD98940-3250-4001-BAB7-2701E0438630} = {06B4602E-2FB2-4C2F-99E7-D65A886220B0}
		{41ACF372-174B-42C3-AEAB-7213C8F38D39} = {90A84196-6238-46F0-B61F-BB3996F05B88}
		{226547A6-6DCF-49DA-B813-5D9CD2DDD7CC} = {90A84196-6238-46F0-B61F-BB3996F05B88}
		{90A84196-6238-46F0-B61F-BB3996F05B88} = {0FD98940-3250-4001-BAB7-2701E0438630}
		{CB02AD2C-31C1-4BD5-AB0E-FA3B0F1A798C} = {0FD98940-3250-4001-BAB7-2701E0438630}
		{94C590A6-EE65-4F20-BAF9-19D07A879E61} = {90A84196-6238-46F0-B61F-BB3996F05B88}
		{45A3226D-A981-48E8-85E0-968D555ADCDE} = {CB02AD2C-31C1-4BD5-AB0E-FA3B0F1A798C}
		{21592635-AA16-4A63-9923-E0AF7E738642} = {CB02AD2C-31C1-4BD5-AB0E-FA3B0F1A798C}
		{1CA868ED-4D16-4A63-A46F-E04268ADAB69} = {CB02AD2C-31C1-4BD5-AB0E-FA3B0F1A798C}
	EndGlobalSection
	GlobalSection(ExtensibilityGlobals) = postSolution
		SolutionGuid = {E88C9C3F-836D-44F4-AADD-35B53B45609B}
	EndGlobalSection
EndGlobal
